Microsoft Visual Studio Solution File, Format Version 12.00
# Visual Studio Version 17
VisualStudioVersion = 17.5.2.0
MinimumVisualStudioVersion = 10.0.40219.1
Project("{FAE04EC0-301F-11D3-BF4B-00C04F79EFBC}") = "DefectRecord", "DefectRecord.csproj", "{B2B2FE8C-3C68-6FD0-4E92-BB35E4D8EE41}"
EndProject
Global
	GlobalSection(SolutionConfigurationPlatforms) = preSolution
		Debug|Any CPU = Debug|Any CPU
		Release|Any CPU = Release|Any CPU
	EndGlobalSection
	GlobalSection(ProjectConfigurationPlatforms) = postSolution
		{B2B2FE8C-3C68-6FD0-4E92-BB35E4D8EE41}.Debug|Any CPU.ActiveCfg = Debug|Any CPU
		{B2B2FE8C-3C68-6FD0-4E92-BB35E4D8EE41}.Debug|Any CPU.Build.0 = Debug|Any CPU
		{B2B2FE8C-3C68-6FD0-4E92-BB35E4D8EE41}.Release|Any CPU.ActiveCfg = Release|Any CPU
		{B2B2FE8C-3C68-6FD0-4E92-BB35E4D8EE41}.Release|Any CPU.Build.0 = Release|Any CPU
	EndGlobalSection
	GlobalSection(SolutionProperties) = preSolution
		HideSolutionNode = FALSE
	EndGlobalSection
	GlobalSection(ExtensibilityGlobals) = postSolution
		SolutionGuid = {6AC34CC4-6EB9-462D-A701-BD97D2589864}
	EndGlobalSection
EndGlobal
